
Microsoft Visual Studio Solution File, Format Version 12.00
# Visual Studio Version 17
VisualStudioVersion = 17.10.35013.160
MinimumVisualStudioVersion = 10.0.40219.1
Project("{FAE04EC0-301F-11D3-BF4B-00C04F79EFBC}") = "ZonkGameAI.RPC", "ZonkGame.AIRPC\ZonkGameAI.RPC.csproj", "{433C1495-C0C8-0527-9320-C6A74F235F85}"
EndProject
Project("{FAE04EC0-301F-11D3-BF4B-00C04F79EFBC}") = "ZonkGameApi", "ZonkGame.Api\ZonkGameApi.csproj", "{AE3CE6D2-8FCC-DDC9-6ADE-DE3D6F8FE4A8}"
EndProject
Project("{FAE04EC0-301F-11D3-BF4B-00C04F79EFBC}") = "ZonkGameCore", "ZonkGame.FSM\ZonkGameCore.csproj", "{9F85DCB3-9147-936B-943C-E6A32EB0CB17}"
EndProject
Project("{FAE04EC0-301F-11D3-BF4B-00C04F79EFBC}") = "ZonkGameSignalR", "ZonkGame.SignalR\ZonkGameSignalR.csproj", "{EC425118-0C76-6223-9000-5C362B04B947}"
EndProject
Project("{FAE04EC0-301F-11D3-BF4B-00C04F79EFBC}") = "ZonkGameRedis", "ZonkGame.Redis\ZonkGameRedis.csproj", "{785E4A69-E2E9-4B5E-80E5-2A2D97786DBD}"
EndProject
Project("{FAE04EC0-301F-11D3-BF4B-00C04F79EFBC}") = "ZonkGame.DB", "ZonkGame.DB\ZonkGame.DB.csproj", "{468260F7-58F0-4560-825F-F2F1B7BE9975}"
EndProject
Project("{FAE04EC0-301F-11D3-BF4B-00C04F79EFBC}") = "ZonkGame.Auth", "ZonkGame.Auth\ZonkGame.Auth.csproj", "{B5994D95-7282-4EC0-A8A4-864AF8DF89C4}"
EndProject
Project("{FAE04EC0-301F-11D3-BF4B-00C04F79EFBC}") = "ZonkGame.FSM.Tests", "ZonkGame.FSM.Tests\ZonkGame.FSM.Tests.csproj", "{9539F4FB-B45A-465B-B9DB-F3FC60EF4887}"
EndProject
Global
	GlobalSection(SolutionConfigurationPlatforms) = preSolution
		Debug|Any CPU = Debug|Any CPU
		Debug|x64 = Debug|x64
		Debug|x86 = Debug|x86
		Release|Any CPU = Release|Any CPU
		Release|x64 = Release|x64
		Release|x86 = Release|x86
	EndGlobalSection
	GlobalSection(ProjectConfigurationPlatforms) = postSolution
		{433C1495-C0C8-0527-9320-C6A74F235F85}.Debug|Any CPU.ActiveCfg = Debug|Any CPU
		{433C1495-C0C8-0527-9320-C6A74F235F85}.Debug|Any CPU.Build.0 = Debug|Any CPU
		{433C1495-C0C8-0527-9320-C6A74F235F85}.Debug|x64.ActiveCfg = Debug|Any CPU
		{433C1495-C0C8-0527-9320-C6A74F235F85}.Debug|x64.Build.0 = Debug|Any CPU
		{433C1495-C0C8-0527-9320-C6A74F235F85}.Debug|x86.ActiveCfg = Debug|Any CPU
		{433C1495-C0C8-0527-9320-C6A74F235F85}.Debug|x86.Build.0 = Debug|Any CPU
		{433C1495-C0C8-0527-9320-C6A74F235F85}.Release|Any CPU.ActiveCfg = Release|Any CPU
		{433C1495-C0C8-0527-9320-C6A74F235F85}.Release|Any CPU.Build.0 = Release|Any CPU
		{433C1495-C0C8-0527-9320-C6A74F235F85}.Release|x64.ActiveCfg = Release|Any CPU
		{433C1495-C0C8-0527-9320-C6A74F235F85}.Release|x64.Build.0 = Release|Any CPU
		{433C1495-C0C8-0527-9320-C6A74F235F85}.Release|x86.ActiveCfg = Release|Any CPU
		{433C1495-C0C8-0527-9320-C6A74F235F85}.Release|x86.Build.0 = Release|Any CPU
		{AE3CE6D2-8FCC-DDC9-6ADE-DE3D6F8FE4A8}.Debug|Any CPU.ActiveCfg = Debug|Any CPU
		{AE3CE6D2-8FCC-DDC9-6ADE-DE3D6F8FE4A8}.Debug|Any CPU.Build.0 = Debug|Any CPU
		{AE3CE6D2-8FCC-DDC9-6ADE-DE3D6F8FE4A8}.Debug|x64.ActiveCfg = Debug|Any CPU
		{AE3CE6D2-8FCC-DDC9-6ADE-DE3D6F8FE4A8}.Debug|x64.Build.0 = Debug|Any CPU
		{AE3CE6D2-8FCC-DDC9-6ADE-DE3D6F8FE4A8}.Debug|x86.ActiveCfg = Debug|Any CPU
		{AE3CE6D2-8FCC-DDC9-6ADE-DE3D6F8FE4A8}.Debug|x86.Build.0 = Debug|Any CPU
		{AE3CE6D2-8FCC-DDC9-6ADE-DE3D6F8FE4A8}.Release|Any CPU.ActiveCfg = Release|Any CPU
		{AE3CE6D2-8FCC-DDC9-6ADE-DE3D6F8FE4A8}.Release|Any CPU.Build.0 = Release|Any CPU
		{AE3CE6D2-8FCC-DDC9-6ADE-DE3D6F8FE4A8}.Release|x64.ActiveCfg = Release|Any CPU
		{AE3CE6D2-8FCC-DDC9-6ADE-DE3D6F8FE4A8}.Release|x64.Build.0 = Release|Any CPU
		{AE3CE6D2-8FCC-DDC9-6ADE-DE3D6F8FE4A8}.Release|x86.ActiveCfg = Release|Any CPU
		{AE3CE6D2-8FCC-DDC9-6ADE-DE3D6F8FE4A8}.Release|x86.Build.0 = Release|Any CPU
		{9F85DCB3-9147-936B-943C-E6A32EB0CB17}.Debug|Any CPU.ActiveCfg = Debug|Any CPU
		{9F85DCB3-9147-936B-943C-E6A32EB0CB17}.Debug|Any CPU.Build.0 = Debug|Any CPU
		{9F85DCB3-9147-936B-943C-E6A32EB0CB17}.Debug|x64.ActiveCfg = Debug|Any CPU
		{9F85DCB3-9147-936B-943C-E6A32EB0CB17}.Debug|x64.Build.0 = Debug|Any CPU
		{9F85DCB3-9147-936B-943C-E6A32EB0CB17}.Debug|x86.ActiveCfg = Debug|Any CPU
		{9F85DCB3-9147-936B-943C-E6A32EB0CB17}.Debug|x86.Build.0 = Debug|Any CPU
		{9F85DCB3-9147-936B-943C-E6A32EB0CB17}.Release|Any CPU.ActiveCfg = Release|Any CPU
		{9F85DCB3-9147-936B-943C-E6A32EB0CB17}.Release|Any CPU.Build.0 = Release|Any CPU
		{9F85DCB3-9147-936B-943C-E6A32EB0CB17}.Release|x64.ActiveCfg = Release|Any CPU
		{9F85DCB3-9147-936B-943C-E6A32EB0CB17}.Release|x64.Build.0 = Release|Any CPU
		{9F85DCB3-9147-936B-943C-E6A32EB0CB17}.Release|x86.ActiveCfg = Release|Any CPU
		{9F85DCB3-9147-936B-943C-E6A32EB0CB17}.Release|x86.Build.0 = Release|Any CPU
		{EC425118-0C76-6223-9000-5C362B04B947}.Debug|Any CPU.ActiveCfg = Debug|Any CPU
		{EC425118-0C76-6223-9000-5C362B04B947}.Debug|Any CPU.Build.0 = Debug|Any CPU
		{EC425118-0C76-6223-9000-5C362B04B947}.Debug|x64.ActiveCfg = Debug|Any CPU
		{EC425118-0C76-6223-9000-5C362B04B947}.Debug|x64.Build.0 = Debug|Any CPU
		{EC425118-0C76-6223-9000-5C362B04B947}.Debug|x86.ActiveCfg = Debug|Any CPU
		{EC425118-0C76-6223-9000-5C362B04B947}.Debug|x86.Build.0 = Debug|Any CPU
		{EC425118-0C76-6223-9000-5C362B04B947}.Release|Any CPU.ActiveCfg = Release|Any CPU
		{EC425118-0C76-6223-9000-5C362B04B947}.Release|Any CPU.Build.0 = Release|Any CPU
		{EC425118-0C76-6223-9000-5C362B04B947}.Release|x64.ActiveCfg = Release|Any CPU
		{EC425118-0C76-6223-9000-5C362B04B947}.Release|x64.Build.0 = Release|Any CPU
		{EC425118-0C76-6223-9000-5C362B04B947}.Release|x86.ActiveCfg = Release|Any CPU
		{EC425118-0C76-6223-9000-5C362B04B947}.Release|x86.Build.0 = Release|Any CPU
		{785E4A69-E2E9-4B5E-80E5-2A2D97786DBD}.Debug|Any CPU.ActiveCfg = Debug|Any CPU
		{785E4A69-E2E9-4B5E-80E5-2A2D97786DBD}.Debug|Any CPU.Build.0 = Debug|Any CPU
		{785E4A69-E2E9-4B5E-80E5-2A2D97786DBD}.Debug|x64.ActiveCfg = Debug|Any CPU
		{785E4A69-E2E9-4B5E-80E5-2A2D97786DBD}.Debug|x64.Build.0 = Debug|Any CPU
		{785E4A69-E2E9-4B5E-80E5-2A2D97786DBD}.Debug|x86.ActiveCfg = Debug|Any CPU
		{785E4A69-E2E9-4B5E-80E5-2A2D97786DBD}.Debug|x86.Build.0 = Debug|Any CPU
		{785E4A69-E2E9-4B5E-80E5-2A2D97786DBD}.Release|Any CPU.ActiveCfg = Release|Any CPU
		{785E4A69-E2E9-4B5E-80E5-2A2D97786DBD}.Release|Any CPU.Build.0 = Release|Any CPU
		{785E4A69-E2E9-4B5E-80E5-2A2D97786DBD}.Release|x64.ActiveCfg = Release|Any CPU
		{785E4A69-E2E9-4B5E-80E5-2A2D97786DBD}.Release|x64.Build.0 = Release|Any CPU
		{785E4A69-E2E9-4B5E-80E5-2A2D97786DBD}.Release|x86.ActiveCfg = Release|Any CPU
		{785E4A69-E2E9-4B5E-80E5-2A2D97786DBD}.Release|x86.Build.0 = Release|Any CPU
		{468260F7-58F0-4560-825F-F2F1B7BE9975}.Debug|Any CPU.ActiveCfg = Debug|Any CPU
		{468260F7-58F0-4560-825F-F2F1B7BE9975}.Debug|Any CPU.Build.0 = Debug|Any CPU
		{468260F7-58F0-4560-825F-F2F1B7BE9975}.Debug|x64.ActiveCfg = Debug|Any CPU
		{468260F7-58F0-4560-825F-F2F1B7BE9975}.Debug|x64.Build.0 = Debug|Any CPU
		{468260F7-58F0-4560-825F-F2F1B7BE9975}.Debug|x86.ActiveCfg = Debug|Any CPU
		{468260F7-58F0-4560-825F-F2F1B7BE9975}.Debug|x86.Build.0 = Debug|Any CPU
		{468260F7-58F0-4560-825F-F2F1B7BE9975}.Release|Any CPU.ActiveCfg = Release|Any CPU
		{468260F7-58F0-4560-825F-F2F1B7BE9975}.Release|Any CPU.Build.0 = Release|Any CPU
		{468260F7-58F0-4560-825F-F2F1B7BE9975}.Release|x64.ActiveCfg = Release|Any CPU
		{468260F7-58F0-4560-825F-F2F1B7BE9975}.Release|x64.Build.0 = Release|Any CPU
		{468260F7-58F0-4560-825F-F2F1B7BE9975}.Release|x86.ActiveCfg = Release|Any CPU
		{468260F7-58F0-4560-825F-F2F1B7BE9975}.Release|x86.Build.0 = Release|Any CPU
		{B5994D95-7282-4EC0-A8A4-864AF8DF89C4}.Debug|Any CPU.ActiveCfg = Debug|Any CPU
		{B5994D95-7282-4EC0-A8A4-864AF8DF89C4}.Debug|Any CPU.Build.0 = Debug|Any CPU
		{B5994D95-7282-4EC0-A8A4-864AF8DF89C4}.Debug|x64.ActiveCfg = Debug|Any CPU
		{B5994D95-7282-4EC0-A8A4-864AF8DF89C4}.Debug|x64.Build.0 = Debug|Any CPU
		{B5994D95-7282-4EC0-A8A4-864AF8DF89C4}.Debug|x86.ActiveCfg = Debug|Any CPU
		{B5994D95-7282-4EC0-A8A4-864AF8DF89C4}.Debug|x86.Build.0 = Debug|Any CPU
		{B5994D95-7282-4EC0-A8A4-864AF8DF89C4}.Release|Any CPU.ActiveCfg = Release|Any CPU
		{B5994D95-7282-4EC0-A8A4-864AF8DF89C4}.Release|Any CPU.Build.0 = Release|Any CPU
		{B5994D95-7282-4EC0-A8A4-864AF8DF89C4}.Release|x64.ActiveCfg = Release|Any CPU
		{B5994D95-7282-4EC0-A8A4-864AF8DF89C4}.Release|x64.Build.0 = Release|Any CPU
		{B5994D95-7282-4EC0-A8A4-864AF8DF89C4}.Release|x86.ActiveCfg = Release|Any CPU
		{B5994D95-7282-4EC0-A8A4-864AF8DF89C4}.Release|x86.Build.0 = Release|Any CPU
		{9539F4FB-B45A-465B-B9DB-F3FC60EF4887}.Debug|Any CPU.ActiveCfg = Debug|Any CPU
		{9539F4FB-B45A-465B-B9DB-F3FC60EF4887}.Debug|Any CPU.Build.0 = Debug|Any CPU
		{9539F4FB-B45A-465B-B9DB-F3FC60EF4887}.Debug|x64.ActiveCfg = Debug|Any CPU
		{9539F4FB-B45A-465B-B9DB-F3FC60EF4887}.Debug|x64.Build.0 = Debug|Any CPU
		{9539F4FB-B45A-465B-B9DB-F3FC60EF4887}.Debug|x86.ActiveCfg = Debug|Any CPU
		{9539F4FB-B45A-465B-B9DB-F3FC60EF4887}.Debug|x86.Build.0 = Debug|Any CPU
		{9539F4FB-B45A-465B-B9DB-F3FC60EF4887}.Release|Any CPU.ActiveCfg = Release|Any CPU
		{9539F4FB-B45A-465B-B9DB-F3FC60EF4887}.Release|Any CPU.Build.0 = Release|Any CPU
		{9539F4FB-B45A-465B-B9DB-F3FC60EF4887}.Release|x64.ActiveCfg = Release|Any CPU
		{9539F4FB-B45A-465B-B9DB-F3FC60EF4887}.Release|x64.Build.0 = Release|Any CPU
		{9539F4FB-B45A-465B-B9DB-F3FC60EF4887}.Release|x86.ActiveCfg = Release|Any CPU
		{9539F4FB-B45A-465B-B9DB-F3FC60EF4887}.Release|x86.Build.0 = Release|Any CPU
	EndGlobalSection
	GlobalSection(SolutionProperties) = preSolution
		HideSolutionNode = FALSE
	EndGlobalSection
	GlobalSection(ExtensibilityGlobals) = postSolution
		SolutionGuid = {749E49EF-A8C9-4761-BF70-CC5A27DC59E9}
	EndGlobalSection
EndGlobal
