
Microsoft Visual Studio Solution File, Format Version 12.00
# Visual Studio Version 17
VisualStudioVersion = 17.10.35013.160
MinimumVisualStudioVersion = 10.0.40219.1
Project("{FAE04EC0-301F-11D3-BF4B-00C04F79EFBC}") = "ZonkGameAI.RPC", "ZonkGame.AIRPC\ZonkGameAI.RPC.csproj", "{433C1495-C0C8-0527-9320-C6A74F235F85}"
EndProject
Project("{FAE04EC0-301F-11D3-BF4B-00C04F79EFBC}") = "ZonkGameApi", "ZonkGame.Api\ZonkGameApi.csproj", "{AE3CE6D2-8FCC-DDC9-6ADE-DE3D6F8FE4A8}"
EndProject
Project("{FAE04EC0-301F-11D3-BF4B-00C04F79EFBC}") = "ZonkGameCore", "ZonkGame.FSM\ZonkGameCore.csproj", "{9F85DCB3-9147-936B-943C-E6A32EB0CB17}"
EndProject
Project("{FAE04EC0-301F-11D3-BF4B-00C04F79EFBC}") = "ZonkGameSignalR", "ZonkGame.SignalR\ZonkGameSignalR.csproj", "{EC425118-0C76-6223-9000-5C362B04B947}"
EndProject
Project("{FAE04EC0-301F-11D3-BF4B-00C04F79EFBC}") = "ZonkGameConsole", "ZonkGame.Console\ZonkGameConsole.csproj", "{497AC89D-963A-1F24-11F1-91888810AAB0}"
EndProject
Global
	GlobalSection(SolutionConfigurationPlatforms) = preSolution
		Debug|Any CPU = Debug|Any CPU
		Release|Any CPU = Release|Any CPU
	EndGlobalSection
	GlobalSection(ProjectConfigurationPlatforms) = postSolution
		{433C1495-C0C8-0527-9320-C6A74F235F85}.Debug|Any CPU.ActiveCfg = Debug|Any CPU
		{433C1495-C0C8-0527-9320-C6A74F235F85}.Debug|Any CPU.Build.0 = Debug|Any CPU
		{433C1495-C0C8-0527-9320-C6A74F235F85}.Release|Any CPU.ActiveCfg = Release|Any CPU
		{433C1495-C0C8-0527-9320-C6A74F235F85}.Release|Any CPU.Build.0 = Release|Any CPU
		{AE3CE6D2-8FCC-DDC9-6ADE-DE3D6F8FE4A8}.Debug|Any CPU.ActiveCfg = Debug|Any CPU
		{AE3CE6D2-8FCC-DDC9-6ADE-DE3D6F8FE4A8}.Debug|Any CPU.Build.0 = Debug|Any CPU
		{AE3CE6D2-8FCC-DDC9-6ADE-DE3D6F8FE4A8}.Release|Any CPU.ActiveCfg = Release|Any CPU
		{AE3CE6D2-8FCC-DDC9-6ADE-DE3D6F8FE4A8}.Release|Any CPU.Build.0 = Release|Any CPU
		{9F85DCB3-9147-936B-943C-E6A32EB0CB17}.Debug|Any CPU.ActiveCfg = Debug|Any CPU
		{9F85DCB3-9147-936B-943C-E6A32EB0CB17}.Debug|Any CPU.Build.0 = Debug|Any CPU
		{9F85DCB3-9147-936B-943C-E6A32EB0CB17}.Release|Any CPU.ActiveCfg = Release|Any CPU
		{9F85DCB3-9147-936B-943C-E6A32EB0CB17}.Release|Any CPU.Build.0 = Release|Any CPU
		{EC425118-0C76-6223-9000-5C362B04B947}.Debug|Any CPU.ActiveCfg = Debug|Any CPU
		{EC425118-0C76-6223-9000-5C362B04B947}.Debug|Any CPU.Build.0 = Debug|Any CPU
		{EC425118-0C76-6223-9000-5C362B04B947}.Release|Any CPU.ActiveCfg = Release|Any CPU
		{EC425118-0C76-6223-9000-5C362B04B947}.Release|Any CPU.Build.0 = Release|Any CPU
		{497AC89D-963A-1F24-11F1-91888810AAB0}.Debug|Any CPU.ActiveCfg = Debug|Any CPU
		{497AC89D-963A-1F24-11F1-91888810AAB0}.Debug|Any CPU.Build.0 = Debug|Any CPU
		{497AC89D-963A-1F24-11F1-91888810AAB0}.Release|Any CPU.ActiveCfg = Release|Any CPU
		{497AC89D-963A-1F24-11F1-91888810AAB0}.Release|Any CPU.Build.0 = Release|Any CPU
	EndGlobalSection
	GlobalSection(SolutionProperties) = preSolution
		HideSolutionNode = FALSE
	EndGlobalSection
	GlobalSection(ExtensibilityGlobals) = postSolution
		SolutionGuid = {749E49EF-A8C9-4761-BF70-CC5A27DC59E9}
	EndGlobalSection
EndGlobal
